
Microsoft Visual Studio Solution File, Format Version 12.00
# Visual Studio Version 16
VisualStudioVersion = 16.0.28922.388
MinimumVisualStudioVersion = 10.0.40219.1
Project("{2150E333-8FDC-42A3-9474-1A3956D46DE8}") = "Configuration", "Configuration", "{52F4AA4C-5573-4D20-9327-238D6E9DAAE1}"
EndProject
Project("{2150E333-8FDC-42A3-9474-1A3956D46DE8}") = "Feature", "Feature", "{ED9BF3D5-D1A9-4E7D-AA69-B7DFD62C62D2}"
EndProject
Project("{2150E333-8FDC-42A3-9474-1A3956D46DE8}") = "Foundation", "Foundation", "{2541B2D1-D6F8-4CA4-8787-4FEF89104F79}"
EndProject
Project("{2150E333-8FDC-42A3-9474-1A3956D46DE8}") = "Project", "Project", "{BF37723E-AFA6-4859-8EA9-F6C6E848528D}"
EndProject
Project("{2150E333-8FDC-42A3-9474-1A3956D46DE8}") = "PageContent", "PageContent", "{660C80F4-ED38-4EEF-9DFE-AC6ACF15329C}"
EndProject
Project("{FAE04EC0-301F-11D3-BF4B-00C04F79EFBC}") = "Myportfolio.Feature.PageContent", "src\Feature\PageContent\code\Myportfolio.Feature.PageContent.csproj", "{E39D9845-F397-4883-A240-BD1901C060DC}"
EndProject
Project("{2150E333-8FDC-42A3-9474-1A3956D46DE8}") = "Website", "Website", "{50408DAE-24DF-4C63-B457-AAAA87E3482D}"
EndProject
Project("{FAE04EC0-301F-11D3-BF4B-00C04F79EFBC}") = "Myportfolio.Feature.Website", "src\Project\Website\code\Myportfolio.Feature.Website.csproj", "{A9946CB5-45D8-4339-9CFE-3B4778BAEE66}"
EndProject
Project("{2150E333-8FDC-42A3-9474-1A3956D46DE8}") = "Navigation", "Navigation", "{B7B43A23-5F0D-4333-9D1E-07ECA6DB699A}"
EndProject
Project("{FAE04EC0-301F-11D3-BF4B-00C04F79EFBC}") = "Myportfolio.Feature.Navigation", "src\Feature\Navigation\code\Myportfolio.Feature.Navigation.csproj", "{AE3A2C45-0FB9-441A-A511-3BB00257A9E5}"
EndProject
Project("{2150E333-8FDC-42A3-9474-1A3956D46DE8}") = "SitecoreExtensions", "SitecoreExtensions", "{C5961421-A82D-460B-B5B9-34F0DBEE1132}"
EndProject
Project("{FAE04EC0-301F-11D3-BF4B-00C04F79EFBC}") = "Myportfolio.Foundations.SitecoreExtensions", "src\Foundation\SitecoreExtensions\code\Myportfolio.Foundations.SitecoreExtensions.csproj", "{1AD26FAD-A281-486E-B3F2-8DDAAF145429}"
EndProject
Project("{2150E333-8FDC-42A3-9474-1A3956D46DE8}") = "ImageSlider", "ImageSlider", "{595DEB50-1DD0-4A0F-8E78-F9D6928AAB9A}"
EndProject
Project("{FAE04EC0-301F-11D3-BF4B-00C04F79EFBC}") = "Myportfolio.Feature.ImageSlider", "src\Feature\ImageSlider\code\Myportfolio.Feature.ImageSlider.csproj", "{7970B612-5034-414B-BE66-93BEE10E8698}"
EndProject
Project("{2150E333-8FDC-42A3-9474-1A3956D46DE8}") = "Common", "Common", "{85127331-4F6C-41B2-BCF7-0E544722FEAC}"
EndProject
Project("{FAE04EC0-301F-11D3-BF4B-00C04F79EFBC}") = "Myportfolio.Common.Website", "src\Project\Common\code\Myportfolio.Common.Website.csproj", "{A2D1A64F-64D3-4DF5-AFD9-E7D15E283A8C}"
EndProject
Project("{2150E333-8FDC-42A3-9474-1A3956D46DE8}") = "Theming", "Theming", "{A5CEB0DC-0C14-4F90-A7D1-8E3B4B8B38A1}"
EndProject
Project("{FAE04EC0-301F-11D3-BF4B-00C04F79EFBC}") = "Myportfolio.Foundation.Theming", "src\Foundation\Theming\code\Myportfolio.Foundation.Theming.csproj", "{6E0DC81D-5005-47E4-BFB4-A79FC6B57937}"
EndProject
Project("{2150E333-8FDC-42A3-9474-1A3956D46DE8}") = "Jumbotron", "Jumbotron", "{0F584F05-70C6-411B-8D2C-F974D0CCAA2C}"
EndProject
Project("{FAE04EC0-301F-11D3-BF4B-00C04F79EFBC}") = "Myportfolio.Feature.Jumbotron", "src\Feature\Jumbotron\code\Myportfolio.Feature.Jumbotron.csproj", "{9498992D-6834-46CF-93C0-A42CFD417480}"
EndProject
Global
	GlobalSection(SolutionConfigurationPlatforms) = preSolution
		Debug|Any CPU = Debug|Any CPU
		Release|Any CPU = Release|Any CPU
	EndGlobalSection
	GlobalSection(ProjectConfigurationPlatforms) = postSolution
		{E39D9845-F397-4883-A240-BD1901C060DC}.Debug|Any CPU.ActiveCfg = Debug|Any CPU
		{E39D9845-F397-4883-A240-BD1901C060DC}.Debug|Any CPU.Build.0 = Debug|Any CPU
		{E39D9845-F397-4883-A240-BD1901C060DC}.Release|Any CPU.ActiveCfg = Release|Any CPU
		{E39D9845-F397-4883-A240-BD1901C060DC}.Release|Any CPU.Build.0 = Release|Any CPU
		{A9946CB5-45D8-4339-9CFE-3B4778BAEE66}.Debug|Any CPU.ActiveCfg = Debug|Any CPU
		{A9946CB5-45D8-4339-9CFE-3B4778BAEE66}.Debug|Any CPU.Build.0 = Debug|Any CPU
		{A9946CB5-45D8-4339-9CFE-3B4778BAEE66}.Release|Any CPU.ActiveCfg = Release|Any CPU
		{A9946CB5-45D8-4339-9CFE-3B4778BAEE66}.Release|Any CPU.Build.0 = Release|Any CPU
		{AE3A2C45-0FB9-441A-A511-3BB00257A9E5}.Debug|Any CPU.ActiveCfg = Debug|Any CPU
		{AE3A2C45-0FB9-441A-A511-3BB00257A9E5}.Debug|Any CPU.Build.0 = Debug|Any CPU
		{AE3A2C45-0FB9-441A-A511-3BB00257A9E5}.Release|Any CPU.ActiveCfg = Release|Any CPU
		{AE3A2C45-0FB9-441A-A511-3BB00257A9E5}.Release|Any CPU.Build.0 = Release|Any CPU
		{1AD26FAD-A281-486E-B3F2-8DDAAF145429}.Debug|Any CPU.ActiveCfg = Debug|Any CPU
		{1AD26FAD-A281-486E-B3F2-8DDAAF145429}.Debug|Any CPU.Build.0 = Debug|Any CPU
		{1AD26FAD-A281-486E-B3F2-8DDAAF145429}.Release|Any CPU.ActiveCfg = Release|Any CPU
		{1AD26FAD-A281-486E-B3F2-8DDAAF145429}.Release|Any CPU.Build.0 = Release|Any CPU
		{7970B612-5034-414B-BE66-93BEE10E8698}.Debug|Any CPU.ActiveCfg = Debug|Any CPU
		{7970B612-5034-414B-BE66-93BEE10E8698}.Debug|Any CPU.Build.0 = Debug|Any CPU
		{7970B612-5034-414B-BE66-93BEE10E8698}.Release|Any CPU.ActiveCfg = Release|Any CPU
		{7970B612-5034-414B-BE66-93BEE10E8698}.Release|Any CPU.Build.0 = Release|Any CPU
		{A2D1A64F-64D3-4DF5-AFD9-E7D15E283A8C}.Debug|Any CPU.ActiveCfg = Debug|Any CPU
		{A2D1A64F-64D3-4DF5-AFD9-E7D15E283A8C}.Debug|Any CPU.Build.0 = Debug|Any CPU
		{A2D1A64F-64D3-4DF5-AFD9-E7D15E283A8C}.Release|Any CPU.ActiveCfg = Release|Any CPU
		{A2D1A64F-64D3-4DF5-AFD9-E7D15E283A8C}.Release|Any CPU.Build.0 = Release|Any CPU
		{6E0DC81D-5005-47E4-BFB4-A79FC6B57937}.Debug|Any CPU.ActiveCfg = Debug|Any CPU
		{6E0DC81D-5005-47E4-BFB4-A79FC6B57937}.Debug|Any CPU.Build.0 = Debug|Any CPU
		{6E0DC81D-5005-47E4-BFB4-A79FC6B57937}.Release|Any CPU.ActiveCfg = Release|Any CPU
		{6E0DC81D-5005-47E4-BFB4-A79FC6B57937}.Release|Any CPU.Build.0 = Release|Any CPU
		{9498992D-6834-46CF-93C0-A42CFD417480}.Debug|Any CPU.ActiveCfg = Debug|Any CPU
		{9498992D-6834-46CF-93C0-A42CFD417480}.Debug|Any CPU.Build.0 = Debug|Any CPU
		{9498992D-6834-46CF-93C0-A42CFD417480}.Release|Any CPU.ActiveCfg = Release|Any CPU
		{9498992D-6834-46CF-93C0-A42CFD417480}.Release|Any CPU.Build.0 = Release|Any CPU
	EndGlobalSection
	GlobalSection(SolutionProperties) = preSolution
		HideSolutionNode = FALSE
	EndGlobalSection
	GlobalSection(NestedProjects) = preSolution
		{660C80F4-ED38-4EEF-9DFE-AC6ACF15329C} = {ED9BF3D5-D1A9-4E7D-AA69-B7DFD62C62D2}
		{E39D9845-F397-4883-A240-BD1901C060DC} = {660C80F4-ED38-4EEF-9DFE-AC6ACF15329C}
		{50408DAE-24DF-4C63-B457-AAAA87E3482D} = {BF37723E-AFA6-4859-8EA9-F6C6E848528D}
		{A9946CB5-45D8-4339-9CFE-3B4778BAEE66} = {50408DAE-24DF-4C63-B457-AAAA87E3482D}
		{B7B43A23-5F0D-4333-9D1E-07ECA6DB699A} = {ED9BF3D5-D1A9-4E7D-AA69-B7DFD62C62D2}
		{AE3A2C45-0FB9-441A-A511-3BB00257A9E5} = {B7B43A23-5F0D-4333-9D1E-07ECA6DB699A}
		{C5961421-A82D-460B-B5B9-34F0DBEE1132} = {2541B2D1-D6F8-4CA4-8787-4FEF89104F79}
		{1AD26FAD-A281-486E-B3F2-8DDAAF145429} = {C5961421-A82D-460B-B5B9-34F0DBEE1132}
		{595DEB50-1DD0-4A0F-8E78-F9D6928AAB9A} = {ED9BF3D5-D1A9-4E7D-AA69-B7DFD62C62D2}
		{7970B612-5034-414B-BE66-93BEE10E8698} = {595DEB50-1DD0-4A0F-8E78-F9D6928AAB9A}
		{85127331-4F6C-41B2-BCF7-0E544722FEAC} = {BF37723E-AFA6-4859-8EA9-F6C6E848528D}
		{A2D1A64F-64D3-4DF5-AFD9-E7D15E283A8C} = {85127331-4F6C-41B2-BCF7-0E544722FEAC}
		{A5CEB0DC-0C14-4F90-A7D1-8E3B4B8B38A1} = {2541B2D1-D6F8-4CA4-8787-4FEF89104F79}
		{6E0DC81D-5005-47E4-BFB4-A79FC6B57937} = {A5CEB0DC-0C14-4F90-A7D1-8E3B4B8B38A1}
		{0F584F05-70C6-411B-8D2C-F974D0CCAA2C} = {ED9BF3D5-D1A9-4E7D-AA69-B7DFD62C62D2}
		{9498992D-6834-46CF-93C0-A42CFD417480} = {0F584F05-70C6-411B-8D2C-F974D0CCAA2C}
	EndGlobalSection
	GlobalSection(ExtensibilityGlobals) = postSolution
		SolutionGuid = {B72A24E2-47D7-4E6E-BAD5-D3E2155D82FE}
	EndGlobalSection
EndGlobal
